<Solution>
  <Project Path="Huusen/Huusen.vbproj" Id="b1913ce5-4b09-4e98-9881-5cc369c4fa37" />
  <Project Path="ItsudemoBlackJack/ItsudemoBlackJack.vbproj" Id="c4a0cc9a-1074-41c6-86c0-ed90eaac31ab" />
  <Project Path="MobageService/MobageService.vbproj" Id="494febd2-d885-4dbe-b1f6-1bc0c8f0933b" />
  <Project Path="NoseHairMaster2/NoseHairMaster2.vbproj" />
</Solution>
